
Microsoft Visual Studio Solution File, Format Version 12.00
# Visual Studio 15
VisualStudioVersion = 15.0.27130.2024
MinimumVisualStudioVersion = 10.0.40219.1
Project("{FAE04EC0-301F-11D3-BF4B-00C04F79EFBC}") = "StarterAPI", "StarterAPI\StarterAPI.csproj", "{F098BC6D-7220-4F02-A590-2C4B5C28B1DC}"
EndProject
Global
	GlobalSection(SolutionConfigurationPlatforms) = preSolution
		Debug|Any CPU = Debug|Any CPU
		Release|Any CPU = Release|Any CPU
	EndGlobalSection
	GlobalSection(ProjectConfigurationPlatforms) = postSolution
		{F098BC6D-7220-4F02-A590-2C4B5C28B1DC}.Debug|Any CPU.ActiveCfg = Debug|Any CPU
		{F098BC6D-7220-4F02-A590-2C4B5C28B1DC}.Debug|Any CPU.Build.0 = Debug|Any CPU
		{F098BC6D-7220-4F02-A590-2C4B5C28B1DC}.Release|Any CPU.ActiveCfg = Release|Any CPU
		{F098BC6D-7220-4F02-A590-2C4B5C28B1DC}.Release|Any CPU.Build.0 = Release|Any CPU
	EndGlobalSection
	GlobalSection(SolutionProperties) = preSolution
		HideSolutionNode = FALSE
	EndGlobalSection
	GlobalSection(ExtensibilityGlobals) = postSolution
		SolutionGuid = {2827D8DD-8765-46B0-B10B-7CFB5F06857E}
	EndGlobalSection
EndGlobal
